
Microsoft Visual Studio Solution File, Format Version 12.00
# Visual Studio Version 17
VisualStudioVersion = 17.6.33829.357
MinimumVisualStudioVersion = 10.0.40219.1
Project("{FAE04EC0-301F-11D3-BF4B-00C04F79EFBC}") = "MawgoodApi", "MawgoodApi\MawgoodApi.csproj", "{A39B663A-AC0E-46ED-ACBA-5ACCEC0D4C85}"
EndProject
Global
	GlobalSection(SolutionConfigurationPlatforms) = preSolution
		Debug|Any CPU = Debug|Any CPU
		Release|Any CPU = Release|Any CPU
	EndGlobalSection
	GlobalSection(ProjectConfigurationPlatforms) = postSolution
		{A39B663A-AC0E-46ED-ACBA-5ACCEC0D4C85}.Debug|Any CPU.ActiveCfg = Debug|Any CPU
		{A39B663A-AC0E-46ED-ACBA-5ACCEC0D4C85}.Debug|Any CPU.Build.0 = Debug|Any CPU
		{A39B663A-AC0E-46ED-ACBA-5ACCEC0D4C85}.Release|Any CPU.ActiveCfg = Release|Any CPU
		{A39B663A-AC0E-46ED-ACBA-5ACCEC0D4C85}.Release|Any CPU.Build.0 = Release|Any CPU
	EndGlobalSection
	GlobalSection(SolutionProperties) = preSolution
		HideSolutionNode = FALSE
	EndGlobalSection
	GlobalSection(ExtensibilityGlobals) = postSolution
		SolutionGuid = {4999C421-4838-4EC3-90AD-B57C32F6F626}
	EndGlobalSection
EndGlobal
